// !$*UTF8*$!
{
	archiveVersion = 1;
	classes = {
	};
	objectVersion = 56;
	objects = {

/* Begin PBXBuildFile section */
		8C275ACD2A15F3890049C95A /* ProductDetailController2.swift in Sources */ = {isa = PBXBuildFile; fileRef = 8C275ACC2A15F3890049C95A /* ProductDetailController2.swift */; };
		8C275ACF2A15F4770049C95A /* UserProductCell.swift in Sources */ = {isa = PBXBuildFile; fileRef = 8C275ACE2A15F4760049C95A /* UserProductCell.swift */; };
		8C275AD12A1616C80049C95A /* PostDetailVC.swift in Sources */ = {isa = PBXBuildFile; fileRef = 8C275AD02A1616C80049C95A /* PostDetailVC.swift */; };
		8C3F765229CD576800D3D1AD /* SearchController.swift in Sources */ = {isa = PBXBuildFile; fileRef = 8C3F765129CD576800D3D1AD /* SearchController.swift */; };
		8C3F765429CD57D500D3D1AD /* CategoryController.swift in Sources */ = {isa = PBXBuildFile; fileRef = 8C3F765329CD57D500D3D1AD /* CategoryController.swift */; };
		8C3F765629CD581F00D3D1AD /* NotificationController.swift in Sources */ = {isa = PBXBuildFile; fileRef = 8C3F765529CD581F00D3D1AD /* NotificationController.swift */; };
		8C3F765C29CD5A1600D3D1AD /* SearchCell.swift in Sources */ = {isa = PBXBuildFile; fileRef = 8C3F765B29CD5A1600D3D1AD /* SearchCell.swift */; };
		8C3F765E29CD5D9300D3D1AD /* SearchHeader.swift in Sources */ = {isa = PBXBuildFile; fileRef = 8C3F765D29CD5D9300D3D1AD /* SearchHeader.swift */; };
		8C4395DC29C9382400E68B31 /* MainTabContoller.swift in Sources */ = {isa = PBXBuildFile; fileRef = 8C4395DB29C9382400E68B31 /* MainTabContoller.swift */; };
		8C4395DE29C9409B00E68B31 /* ProductController.swift in Sources */ = {isa = PBXBuildFile; fileRef = 8C4395DD29C9409B00E68B31 /* ProductController.swift */; };
		8C4395E029C940AE00E68B31 /* CommunityController.swift in Sources */ = {isa = PBXBuildFile; fileRef = 8C4395DF29C940AE00E68B31 /* CommunityController.swift */; };
		8C4395E229C940BB00E68B31 /* ChatController.swift in Sources */ = {isa = PBXBuildFile; fileRef = 8C4395E129C940BB00E68B31 /* ChatController.swift */; };
		8C4395E429C940C400E68B31 /* LiveController.swift in Sources */ = {isa = PBXBuildFile; fileRef = 8C4395E329C940C400E68B31 /* LiveController.swift */; };
		8C4395E629C940E300E68B31 /* MyPageController.swift in Sources */ = {isa = PBXBuildFile; fileRef = 8C4395E529C940E300E68B31 /* MyPageController.swift */; };
		8C4395E829C947A800E68B31 /* Extensions.swift in Sources */ = {isa = PBXBuildFile; fileRef = 8C4395E729C947A800E68B31 /* Extensions.swift */; };
		8C4395EB29C95C0600E68B31 /* ProductCell.swift in Sources */ = {isa = PBXBuildFile; fileRef = 8C4395EA29C95C0600E68B31 /* ProductCell.swift */; };
		8C4395ED29C95CCB00E68B31 /* Product.swift in Sources */ = {isa = PBXBuildFile; fileRef = 8C4395EC29C95CCB00E68B31 /* Product.swift */; };
		8C4395EF29C9664600E68B31 /* AttributedStrings.swift in Sources */ = {isa = PBXBuildFile; fileRef = 8C4395EE29C9664600E68B31 /* AttributedStrings.swift */; };
		8C4395F129C972C000E68B31 /* Common.swift in Sources */ = {isa = PBXBuildFile; fileRef = 8C4395F029C972C000E68B31 /* Common.swift */; };
		8C4395F329C9789300E68B31 /* UploadController.swift in Sources */ = {isa = PBXBuildFile; fileRef = 8C4395F229C9789300E68B31 /* UploadController.swift */; };
		8C4395F529C980C000E68B31 /* Utilities.swift in Sources */ = {isa = PBXBuildFile; fileRef = 8C4395F429C980C000E68B31 /* Utilities.swift */; };
		8C4936E529D158DD00BA2852 /* NavigationBar.swift in Sources */ = {isa = PBXBuildFile; fileRef = 8C4936E429D158DD00BA2852 /* NavigationBar.swift */; };
		8C5233A129D53F10007B2F1D /* ProductDetailHeader.swift in Sources */ = {isa = PBXBuildFile; fileRef = 8C5233A029D53F10007B2F1D /* ProductDetailHeader.swift */; };
		8C819A3E2A14A96200EFB294 /* LinkPresentationItemSource.swift in Sources */ = {isa = PBXBuildFile; fileRef = 8C819A3D2A14A96200EFB294 /* LinkPresentationItemSource.swift */; };
		8C8E5B722A0DD74200875C90 /* ProductDetailControllerWithStoryboard.swift in Sources */ = {isa = PBXBuildFile; fileRef = 8C8E5B712A0DD74200875C90 /* ProductDetailControllerWithStoryboard.swift */; };
		8C8E5B742A0E152900875C90 /* ProductDetailFooter.swift in Sources */ = {isa = PBXBuildFile; fileRef = 8C8E5B732A0E152900875C90 /* ProductDetailFooter.swift */; };
		8C8E5B772A0E34B400875C90 /* SnapKit in Frameworks */ = {isa = PBXBuildFile; productRef = 8C8E5B762A0E34B400875C90 /* SnapKit */; };
		8CA9F4B929CBDF1200627606 /* LoginController.swift in Sources */ = {isa = PBXBuildFile; fileRef = 8CA9F4B729CBDF1200627606 /* LoginController.swift */; };
		8CA9F4BA29CBDF1200627606 /* RegistrationController.swift in Sources */ = {isa = PBXBuildFile; fileRef = 8CA9F4B829CBDF1200627606 /* RegistrationController.swift */; };
		8CA9F4BC29CBE2C400627606 /* Constant.swift in Sources */ = {isa = PBXBuildFile; fileRef = 8CA9F4BB29CBE2C400627606 /* Constant.swift */; };
		8CA9F4BE29CBE37800627606 /* UserService.swift in Sources */ = {isa = PBXBuildFile; fileRef = 8CA9F4BD29CBE37800627606 /* UserService.swift */; };
		8CA9F4C029CC041200627606 /* ProductService.swift in Sources */ = {isa = PBXBuildFile; fileRef = 8CA9F4BF29CC041200627606 /* ProductService.swift */; };
		8CA9F4C229CC409800627606 /* User.swift in Sources */ = {isa = PBXBuildFile; fileRef = 8CA9F4C129CC409800627606 /* User.swift */; };
		8CA9F4C529CC48A500627606 /* SDWebImage in Frameworks */ = {isa = PBXBuildFile; productRef = 8CA9F4C429CC48A500627606 /* SDWebImage */; };
		8CA9F4C729CC4E6D00627606 /* ProductViewModel.swift in Sources */ = {isa = PBXBuildFile; fileRef = 8CA9F4C629CC4E6D00627606 /* ProductViewModel.swift */; };
		8CAA768E29D275FB002FB38F /* ShadowButton.swift in Sources */ = {isa = PBXBuildFile; fileRef = 8CAA768D29D275FB002FB38F /* ShadowButton.swift */; };
		8CAA769129D27C18002FB38F /* ProductDetailController.swift in Sources */ = {isa = PBXBuildFile; fileRef = 8CAA769029D27C18002FB38F /* ProductDetailController.swift */; };
		8CAE67812A0A00E200A1F06E /* Hero in Frameworks */ = {isa = PBXBuildFile; productRef = 8CAE67802A0A00E200A1F06E /* Hero */; };
		8CD2037329CAE3280059CCF9 /* GoogleService-Info.plist in Resources */ = {isa = PBXBuildFile; fileRef = 8CD2037229CAE3280059CCF9 /* GoogleService-Info.plist */; };
		8CD2037629CAE4410059CCF9 /* FirebaseAnalytics in Frameworks */ = {isa = PBXBuildFile; productRef = 8CD2037529CAE4410059CCF9 /* FirebaseAnalytics */; };
		8CD2037829CAE4410059CCF9 /* FirebaseAuth in Frameworks */ = {isa = PBXBuildFile; productRef = 8CD2037729CAE4410059CCF9 /* FirebaseAuth */; };
		8CD2037A29CAE4410059CCF9 /* FirebaseDatabase in Frameworks */ = {isa = PBXBuildFile; productRef = 8CD2037929CAE4410059CCF9 /* FirebaseDatabase */; };
		8CD2037C29CAE4410059CCF9 /* FirebaseMessaging in Frameworks */ = {isa = PBXBuildFile; productRef = 8CD2037B29CAE4410059CCF9 /* FirebaseMessaging */; };
		8CD2037E29CAE4410059CCF9 /* FirebaseStorage in Frameworks */ = {isa = PBXBuildFile; productRef = 8CD2037D29CAE4410059CCF9 /* FirebaseStorage */; };
		FE7959A929C8A7DF0088B829 /* AppDelegate.swift in Sources */ = {isa = PBXBuildFile; fileRef = FE7959A829C8A7DF0088B829 /* AppDelegate.swift */; };
		FE7959AB29C8A7DF0088B829 /* SceneDelegate.swift in Sources */ = {isa = PBXBuildFile; fileRef = FE7959AA29C8A7DF0088B829 /* SceneDelegate.swift */; };
		FE7959B029C8A7DF0088B829 /* Main.storyboard in Resources */ = {isa = PBXBuildFile; fileRef = FE7959AE29C8A7DF0088B829 /* Main.storyboard */; };
		FE7959B229C8A7DF0088B829 /* Assets.xcassets in Resources */ = {isa = PBXBuildFile; fileRef = FE7959B129C8A7DF0088B829 /* Assets.xcassets */; };
		FE7959B529C8A7DF0088B829 /* LaunchScreen.storyboard in Resources */ = {isa = PBXBuildFile; fileRef = FE7959B329C8A7DF0088B829 /* LaunchScreen.storyboard */; };
/* End PBXBuildFile section */

/* Begin PBXFileReference section */
		8C275ACC2A15F3890049C95A /* ProductDetailController2.swift */ = {isa = PBXFileReference; lastKnownFileType = sourcecode.swift; path = ProductDetailController2.swift; sourceTree = "<group>"; };
		8C275ACE2A15F4760049C95A /* UserProductCell.swift */ = {isa = PBXFileReference; lastKnownFileType = sourcecode.swift; path = UserProductCell.swift; sourceTree = "<group>"; };
		8C275AD02A1616C80049C95A /* PostDetailVC.swift */ = {isa = PBXFileReference; lastKnownFileType = sourcecode.swift; path = PostDetailVC.swift; sourceTree = "<group>"; };
		8C3F765129CD576800D3D1AD /* SearchController.swift */ = {isa = PBXFileReference; lastKnownFileType = sourcecode.swift; path = SearchController.swift; sourceTree = "<group>"; };
		8C3F765329CD57D500D3D1AD /* CategoryController.swift */ = {isa = PBXFileReference; lastKnownFileType = sourcecode.swift; path = CategoryController.swift; sourceTree = "<group>"; };
		8C3F765529CD581F00D3D1AD /* NotificationController.swift */ = {isa = PBXFileReference; lastKnownFileType = sourcecode.swift; path = NotificationController.swift; sourceTree = "<group>"; };
		8C3F765B29CD5A1600D3D1AD /* SearchCell.swift */ = {isa = PBXFileReference; lastKnownFileType = sourcecode.swift; path = SearchCell.swift; sourceTree = "<group>"; };
		8C3F765D29CD5D9300D3D1AD /* SearchHeader.swift */ = {isa = PBXFileReference; lastKnownFileType = sourcecode.swift; path = SearchHeader.swift; sourceTree = "<group>"; };
		8C4395DB29C9382400E68B31 /* MainTabContoller.swift */ = {isa = PBXFileReference; lastKnownFileType = sourcecode.swift; path = MainTabContoller.swift; sourceTree = "<group>"; };
		8C4395DD29C9409B00E68B31 /* ProductController.swift */ = {isa = PBXFileReference; lastKnownFileType = sourcecode.swift; path = ProductController.swift; sourceTree = "<group>"; };
		8C4395DF29C940AE00E68B31 /* CommunityController.swift */ = {isa = PBXFileReference; lastKnownFileType = sourcecode.swift; path = CommunityController.swift; sourceTree = "<group>"; };
		8C4395E129C940BB00E68B31 /* ChatController.swift */ = {isa = PBXFileReference; lastKnownFileType = sourcecode.swift; path = ChatController.swift; sourceTree = "<group>"; };
		8C4395E329C940C400E68B31 /* LiveController.swift */ = {isa = PBXFileReference; lastKnownFileType = sourcecode.swift; path = LiveController.swift; sourceTree = "<group>"; };
		8C4395E529C940E300E68B31 /* MyPageController.swift */ = {isa = PBXFileReference; lastKnownFileType = sourcecode.swift; path = MyPageController.swift; sourceTree = "<group>"; };
		8C4395E729C947A800E68B31 /* Extensions.swift */ = {isa = PBXFileReference; lastKnownFileType = sourcecode.swift; path = Extensions.swift; sourceTree = "<group>"; };
		8C4395EA29C95C0600E68B31 /* ProductCell.swift */ = {isa = PBXFileReference; lastKnownFileType = sourcecode.swift; path = ProductCell.swift; sourceTree = "<group>"; };
		8C4395EC29C95CCB00E68B31 /* Product.swift */ = {isa = PBXFileReference; lastKnownFileType = sourcecode.swift; path = Product.swift; sourceTree = "<group>"; };
		8C4395EE29C9664600E68B31 /* AttributedStrings.swift */ = {isa = PBXFileReference; lastKnownFileType = sourcecode.swift; path = AttributedStrings.swift; sourceTree = "<group>"; };
		8C4395F029C972C000E68B31 /* Common.swift */ = {isa = PBXFileReference; lastKnownFileType = sourcecode.swift; path = Common.swift; sourceTree = "<group>"; };
		8C4395F229C9789300E68B31 /* UploadController.swift */ = {isa = PBXFileReference; lastKnownFileType = sourcecode.swift; path = UploadController.swift; sourceTree = "<group>"; };
		8C4395F429C980C000E68B31 /* Utilities.swift */ = {isa = PBXFileReference; lastKnownFileType = sourcecode.swift; path = Utilities.swift; sourceTree = "<group>"; };
		8C4936E429D158DD00BA2852 /* NavigationBar.swift */ = {isa = PBXFileReference; lastKnownFileType = sourcecode.swift; path = NavigationBar.swift; sourceTree = "<group>"; };
		8C5233A029D53F10007B2F1D /* ProductDetailHeader.swift */ = {isa = PBXFileReference; lastKnownFileType = sourcecode.swift; path = ProductDetailHeader.swift; sourceTree = "<group>"; };
		8C819A3D2A14A96200EFB294 /* LinkPresentationItemSource.swift */ = {isa = PBXFileReference; lastKnownFileType = sourcecode.swift; path = LinkPresentationItemSource.swift; sourceTree = "<group>"; };
		8C8E5B712A0DD74200875C90 /* ProductDetailControllerWithStoryboard.swift */ = {isa = PBXFileReference; lastKnownFileType = sourcecode.swift; path = ProductDetailControllerWithStoryboard.swift; sourceTree = "<group>"; };
		8C8E5B732A0E152900875C90 /* ProductDetailFooter.swift */ = {isa = PBXFileReference; lastKnownFileType = sourcecode.swift; path = ProductDetailFooter.swift; sourceTree = "<group>"; };
		8CA9F4B729CBDF1200627606 /* LoginController.swift */ = {isa = PBXFileReference; fileEncoding = 4; lastKnownFileType = sourcecode.swift; path = LoginController.swift; sourceTree = "<group>"; };
		8CA9F4B829CBDF1200627606 /* RegistrationController.swift */ = {isa = PBXFileReference; fileEncoding = 4; lastKnownFileType = sourcecode.swift; path = RegistrationController.swift; sourceTree = "<group>"; };
		8CA9F4BB29CBE2C400627606 /* Constant.swift */ = {isa = PBXFileReference; lastKnownFileType = sourcecode.swift; path = Constant.swift; sourceTree = "<group>"; };
		8CA9F4BD29CBE37800627606 /* UserService.swift */ = {isa = PBXFileReference; lastKnownFileType = sourcecode.swift; path = UserService.swift; sourceTree = "<group>"; };
		8CA9F4BF29CC041200627606 /* ProductService.swift */ = {isa = PBXFileReference; lastKnownFileType = sourcecode.swift; path = ProductService.swift; sourceTree = "<group>"; };
		8CA9F4C129CC409800627606 /* User.swift */ = {isa = PBXFileReference; lastKnownFileType = sourcecode.swift; path = User.swift; sourceTree = "<group>"; };
		8CA9F4C629CC4E6D00627606 /* ProductViewModel.swift */ = {isa = PBXFileReference; lastKnownFileType = sourcecode.swift; path = ProductViewModel.swift; sourceTree = "<group>"; };
		8CAA768D29D275FB002FB38F /* ShadowButton.swift */ = {isa = PBXFileReference; lastKnownFileType = sourcecode.swift; path = ShadowButton.swift; sourceTree = "<group>"; };
		8CAA769029D27C18002FB38F /* ProductDetailController.swift */ = {isa = PBXFileReference; lastKnownFileType = sourcecode.swift; path = ProductDetailController.swift; sourceTree = "<group>"; };
		8CD2037229CAE3280059CCF9 /* GoogleService-Info.plist */ = {isa = PBXFileReference; fileEncoding = 4; lastKnownFileType = text.plist.xml; path = "GoogleService-Info.plist"; sourceTree = "<group>"; };
		FE7959A529C8A7DF0088B829 /* Carrot_Market.app */ = {isa = PBXFileReference; explicitFileType = wrapper.application; includeInIndex = 0; path = Carrot_Market.app; sourceTree = BUILT_PRODUCTS_DIR; };
		FE7959A829C8A7DF0088B829 /* AppDelegate.swift */ = {isa = PBXFileReference; lastKnownFileType = sourcecode.swift; path = AppDelegate.swift; sourceTree = "<group>"; };
		FE7959AA29C8A7DF0088B829 /* SceneDelegate.swift */ = {isa = PBXFileReference; lastKnownFileType = sourcecode.swift; path = SceneDelegate.swift; sourceTree = "<group>"; };
		FE7959AF29C8A7DF0088B829 /* Base */ = {isa = PBXFileReference; lastKnownFileType = file.storyboard; name = Base; path = Base.lproj/Main.storyboard; sourceTree = "<group>"; };
		FE7959B129C8A7DF0088B829 /* Assets.xcassets */ = {isa = PBXFileReference; lastKnownFileType = folder.assetcatalog; path = Assets.xcassets; sourceTree = "<group>"; };
		FE7959B429C8A7DF0088B829 /* Base */ = {isa = PBXFileReference; lastKnownFileType = file.storyboard; name = Base; path = Base.lproj/LaunchScreen.storyboard; sourceTree = "<group>"; };
		FE7959B629C8A7DF0088B829 /* Info.plist */ = {isa = PBXFileReference; lastKnownFileType = text.plist.xml; path = Info.plist; sourceTree = "<group>"; };
/* End PBXFileReference section */

/* Begin PBXFrameworksBuildPhase section */
		FE7959A229C8A7DF0088B829 /* Frameworks */ = {
			isa = PBXFrameworksBuildPhase;
			buildActionMask = 2147483647;
			files = (
				8CA9F4C529CC48A500627606 /* SDWebImage in Frameworks */,
				8C8E5B772A0E34B400875C90 /* SnapKit in Frameworks */,
				8CD2037C29CAE4410059CCF9 /* FirebaseMessaging in Frameworks */,
				8CD2037A29CAE4410059CCF9 /* FirebaseDatabase in Frameworks */,
				8CD2037629CAE4410059CCF9 /* FirebaseAnalytics in Frameworks */,
				8CD2037E29CAE4410059CCF9 /* FirebaseStorage in Frameworks */,
				8CAE67812A0A00E200A1F06E /* Hero in Frameworks */,
				8CD2037829CAE4410059CCF9 /* FirebaseAuth in Frameworks */,
			);
			runOnlyForDeploymentPostprocessing = 0;
		};
/* End PBXFrameworksBuildPhase section */

/* Begin PBXGroup section */
		8C3F765729CD587D00D3D1AD /* TabBar */ = {
			isa = PBXGroup;
			children = (
				8CAA768F29D27C02002FB38F /* Product */,
				8C4395E529C940E300E68B31 /* MyPageController.swift */,
				8C4395E129C940BB00E68B31 /* ChatController.swift */,
				8C4395E329C940C400E68B31 /* LiveController.swift */,
				8C4395DF29C940AE00E68B31 /* CommunityController.swift */,
			);
			path = TabBar;
			sourceTree = "<group>";
		};
		8C3F765829CD58C600D3D1AD /* Side */ = {
			isa = PBXGroup;
			children = (
				8C3F765129CD576800D3D1AD /* SearchController.swift */,
				8C3F765529CD581F00D3D1AD /* NotificationController.swift */,
				8C3F765329CD57D500D3D1AD /* CategoryController.swift */,
			);
			path = Side;
			sourceTree = "<group>";
		};
		8C3F765929CD59E600D3D1AD /* Search */ = {
			isa = PBXGroup;
			children = (
				8C3F765B29CD5A1600D3D1AD /* SearchCell.swift */,
				8C3F765D29CD5D9300D3D1AD /* SearchHeader.swift */,
			);
			path = Search;
			sourceTree = "<group>";
		};
		8C3F765A29CD59F900D3D1AD /* Product */ = {
			isa = PBXGroup;
			children = (
				8C4395EA29C95C0600E68B31 /* ProductCell.swift */,
				8C5233A029D53F10007B2F1D /* ProductDetailHeader.swift */,
				8C8E5B732A0E152900875C90 /* ProductDetailFooter.swift */,
				8C275ACE2A15F4760049C95A /* UserProductCell.swift */,
			);
			path = Product;
			sourceTree = "<group>";
		};
		8C4395D529C9375E00E68B31 /* View */ = {
			isa = PBXGroup;
			children = (
				8C4936E229D1506900BA2852 /* Common */,
				8C3F765A29CD59F900D3D1AD /* Product */,
				8C3F765929CD59E600D3D1AD /* Search */,
			);
			path = View;
			sourceTree = "<group>";
		};
		8C4395D629C9376800E68B31 /* ViewModel */ = {
			isa = PBXGroup;
			children = (
				8CA9F4C629CC4E6D00627606 /* ProductViewModel.swift */,
			);
			path = ViewModel;
			sourceTree = "<group>";
		};
		8C4395D729C9377600E68B31 /* Controller */ = {
			isa = PBXGroup;
			children = (
				8C3F765729CD587D00D3D1AD /* TabBar */,
				8C4395E929C94ED100E68B31 /* Authentication */,
				8C3F765829CD58C600D3D1AD /* Side */,
				8C4395DB29C9382400E68B31 /* MainTabContoller.swift */,
				8C4395F229C9789300E68B31 /* UploadController.swift */,
			);
			path = Controller;
			sourceTree = "<group>";
		};
		8C4395D829C9378E00E68B31 /* Model */ = {
			isa = PBXGroup;
			children = (
				8C4395EC29C95CCB00E68B31 /* Product.swift */,
				8CA9F4C129CC409800627606 /* User.swift */,
			);
			path = Model;
			sourceTree = "<group>";
		};
		8C4395D929C9379800E68B31 /* API */ = {
			isa = PBXGroup;
			children = (
				8CA9F4BD29CBE37800627606 /* UserService.swift */,
				8CA9F4BF29CC041200627606 /* ProductService.swift */,
			);
			path = API;
			sourceTree = "<group>";
		};
		8C4395DA29C937A400E68B31 /* Utilities */ = {
			isa = PBXGroup;
			children = (
				8C4395E729C947A800E68B31 /* Extensions.swift */,
				8C4395EE29C9664600E68B31 /* AttributedStrings.swift */,
				8C4395F029C972C000E68B31 /* Common.swift */,
				8C4395F429C980C000E68B31 /* Utilities.swift */,
				8CA9F4BB29CBE2C400627606 /* Constant.swift */,
				8C819A3D2A14A96200EFB294 /* LinkPresentationItemSource.swift */,
			);
			path = Utilities;
			sourceTree = "<group>";
		};
		8C4395E929C94ED100E68B31 /* Authentication */ = {
			isa = PBXGroup;
			children = (
				8CA9F4B729CBDF1200627606 /* LoginController.swift */,
				8CA9F4B829CBDF1200627606 /* RegistrationController.swift */,
			);
			path = Authentication;
			sourceTree = "<group>";
		};
		8C4936E229D1506900BA2852 /* Common */ = {
			isa = PBXGroup;
			children = (
				8C4936E429D158DD00BA2852 /* NavigationBar.swift */,
				8CAA768D29D275FB002FB38F /* ShadowButton.swift */,
			);
			path = Common;
			sourceTree = "<group>";
		};
		8CAA768F29D27C02002FB38F /* Product */ = {
			isa = PBXGroup;
			children = (
				8C4395DD29C9409B00E68B31 /* ProductController.swift */,
				8CAA769029D27C18002FB38F /* ProductDetailController.swift */,
				8C8E5B712A0DD74200875C90 /* ProductDetailControllerWithStoryboard.swift */,
				8C275ACC2A15F3890049C95A /* ProductDetailController2.swift */,
				8C275AD02A1616C80049C95A /* PostDetailVC.swift */,
			);
			path = Product;
			sourceTree = "<group>";
		};
		FE79599C29C8A7DF0088B829 = {
			isa = PBXGroup;
			children = (
				FE7959A729C8A7DF0088B829 /* Carrot_Market */,
				FE7959A629C8A7DF0088B829 /* Products */,
			);
			sourceTree = "<group>";
		};
		FE7959A629C8A7DF0088B829 /* Products */ = {
			isa = PBXGroup;
			children = (
				FE7959A529C8A7DF0088B829 /* Carrot_Market.app */,
			);
			name = Products;
			sourceTree = "<group>";
		};
		FE7959A729C8A7DF0088B829 /* Carrot_Market */ = {
			isa = PBXGroup;
			children = (
				8C4395D829C9378E00E68B31 /* Model */,
				8C4395D629C9376800E68B31 /* ViewModel */,
				8C4395D529C9375E00E68B31 /* View */,
				8C4395D729C9377600E68B31 /* Controller */,
				8C4395DA29C937A400E68B31 /* Utilities */,
				8C4395D929C9379800E68B31 /* API */,
				FE7959A829C8A7DF0088B829 /* AppDelegate.swift */,
				FE7959AA29C8A7DF0088B829 /* SceneDelegate.swift */,
				FE7959AE29C8A7DF0088B829 /* Main.storyboard */,
				FE7959B129C8A7DF0088B829 /* Assets.xcassets */,
				FE7959B329C8A7DF0088B829 /* LaunchScreen.storyboard */,
				FE7959B629C8A7DF0088B829 /* Info.plist */,
				8CD2037229CAE3280059CCF9 /* GoogleService-Info.plist */,
			);
			path = Carrot_Market;
			sourceTree = "<group>";
		};
/* End PBXGroup section */

/* Begin PBXNativeTarget section */
		FE7959A429C8A7DF0088B829 /* Carrot_Market */ = {
			isa = PBXNativeTarget;
			buildConfigurationList = FE7959B929C8A7DF0088B829 /* Build configuration list for PBXNativeTarget "Carrot_Market" */;
			buildPhases = (
				FE7959A129C8A7DF0088B829 /* Sources */,
				FE7959A229C8A7DF0088B829 /* Frameworks */,
				FE7959A329C8A7DF0088B829 /* Resources */,
			);
			buildRules = (
			);
			dependencies = (
			);
			name = Carrot_Market;
			packageProductDependencies = (
				8CD2037529CAE4410059CCF9 /* FirebaseAnalytics */,
				8CD2037729CAE4410059CCF9 /* FirebaseAuth */,
				8CD2037929CAE4410059CCF9 /* FirebaseDatabase */,
				8CD2037B29CAE4410059CCF9 /* FirebaseMessaging */,
				8CD2037D29CAE4410059CCF9 /* FirebaseStorage */,
				8CA9F4C429CC48A500627606 /* SDWebImage */,
				8CAE67802A0A00E200A1F06E /* Hero */,
				8C8E5B762A0E34B400875C90 /* SnapKit */,
			);
			productName = Carrot_Market;
			productReference = FE7959A529C8A7DF0088B829 /* Carrot_Market.app */;
			productType = "com.apple.product-type.application";
		};
/* End PBXNativeTarget section */

/* Begin PBXProject section */
		FE79599D29C8A7DF0088B829 /* Project object */ = {
			isa = PBXProject;
			attributes = {
				BuildIndependentTargetsInParallel = 1;
				LastSwiftUpdateCheck = 1420;
				LastUpgradeCheck = 1420;
				TargetAttributes = {
					FE7959A429C8A7DF0088B829 = {
						CreatedOnToolsVersion = 14.2;
					};
				};
			};
			buildConfigurationList = FE7959A029C8A7DF0088B829 /* Build configuration list for PBXProject "Carrot_Market" */;
			compatibilityVersion = "Xcode 14.0";
			developmentRegion = en;
			hasScannedForEncodings = 0;
			knownRegions = (
				en,
				Base,
			);
			mainGroup = FE79599C29C8A7DF0088B829;
			packageReferences = (
				8CD2037429CAE4410059CCF9 /* XCRemoteSwiftPackageReference "firebase-ios-sdk" */,
				8CA9F4C329CC48A500627606 /* XCRemoteSwiftPackageReference "SDWebImage" */,
				8CAE677F2A0A00E200A1F06E /* XCRemoteSwiftPackageReference "Hero" */,
				8C8E5B752A0E34B300875C90 /* XCRemoteSwiftPackageReference "SnapKit" */,
			);
			productRefGroup = FE7959A629C8A7DF0088B829 /* Products */;
			projectDirPath = "";
			projectRoot = "";
			targets = (
				FE7959A429C8A7DF0088B829 /* Carrot_Market */,
			);
		};
/* End PBXProject section */

/* Begin PBXResourcesBuildPhase section */
		FE7959A329C8A7DF0088B829 /* Resources */ = {
			isa = PBXResourcesBuildPhase;
			buildActionMask = 2147483647;
			files = (
				FE7959B529C8A7DF0088B829 /* LaunchScreen.storyboard in Resources */,
				8CD2037329CAE3280059CCF9 /* GoogleService-Info.plist in Resources */,
				FE7959B229C8A7DF0088B829 /* Assets.xcassets in Resources */,
				FE7959B029C8A7DF0088B829 /* Main.storyboard in Resources */,
			);
			runOnlyForDeploymentPostprocessing = 0;
		};
/* End PBXResourcesBuildPhase section */

/* Begin PBXSourcesBuildPhase section */
		FE7959A129C8A7DF0088B829 /* Sources */ = {
			isa = PBXSourcesBuildPhase;
			buildActionMask = 2147483647;
			files = (
				8C3F765629CD581F00D3D1AD /* NotificationController.swift in Sources */,
				8CAA768E29D275FB002FB38F /* ShadowButton.swift in Sources */,
				8C4395E629C940E300E68B31 /* MyPageController.swift in Sources */,
				8C8E5B722A0DD74200875C90 /* ProductDetailControllerWithStoryboard.swift in Sources */,
				8C4395DC29C9382400E68B31 /* MainTabContoller.swift in Sources */,
				8C4395F329C9789300E68B31 /* UploadController.swift in Sources */,
				8C5233A129D53F10007B2F1D /* ProductDetailHeader.swift in Sources */,
				8C4395F529C980C000E68B31 /* Utilities.swift in Sources */,
				8C819A3E2A14A96200EFB294 /* LinkPresentationItemSource.swift in Sources */,
				8CA9F4BA29CBDF1200627606 /* RegistrationController.swift in Sources */,
				8C3F765429CD57D500D3D1AD /* CategoryController.swift in Sources */,
				8C4395F129C972C000E68B31 /* Common.swift in Sources */,
				8C275ACF2A15F4770049C95A /* UserProductCell.swift in Sources */,
				8CA9F4C729CC4E6D00627606 /* ProductViewModel.swift in Sources */,
				8C4395E829C947A800E68B31 /* Extensions.swift in Sources */,
				FE7959A929C8A7DF0088B829 /* AppDelegate.swift in Sources */,
				FE7959AB29C8A7DF0088B829 /* SceneDelegate.swift in Sources */,
				8CA9F4C029CC041200627606 /* ProductService.swift in Sources */,
				8C3F765C29CD5A1600D3D1AD /* SearchCell.swift in Sources */,
				8C4395ED29C95CCB00E68B31 /* Product.swift in Sources */,
				8C4395E429C940C400E68B31 /* LiveController.swift in Sources */,
				8CA9F4BC29CBE2C400627606 /* Constant.swift in Sources */,
				8C275ACD2A15F3890049C95A /* ProductDetailController2.swift in Sources */,
				8C4395DE29C9409B00E68B31 /* ProductController.swift in Sources */,
				8CA9F4BE29CBE37800627606 /* UserService.swift in Sources */,
				8C3F765229CD576800D3D1AD /* SearchController.swift in Sources */,
				8C4395EF29C9664600E68B31 /* AttributedStrings.swift in Sources */,
				8C8E5B742A0E152900875C90 /* ProductDetailFooter.swift in Sources */,
				8C4936E529D158DD00BA2852 /* NavigationBar.swift in Sources */,
				8C4395EB29C95C0600E68B31 /* ProductCell.swift in Sources */,
				8C275AD12A1616C80049C95A /* PostDetailVC.swift in Sources */,
				8CA9F4B929CBDF1200627606 /* LoginController.swift in Sources */,
				8C3F765E29CD5D9300D3D1AD /* SearchHeader.swift in Sources */,
				8C4395E029C940AE00E68B31 /* CommunityController.swift in Sources */,
				8C4395E229C940BB00E68B31 /* ChatController.swift in Sources */,
				8CAA769129D27C18002FB38F /* ProductDetailController.swift in Sources */,
				8CA9F4C229CC409800627606 /* User.swift in Sources */,
			);
			runOnlyForDeploymentPostprocessing = 0;
		};
/* End PBXSourcesBuildPhase section */

/* Begin PBXVariantGroup section */
		FE7959AE29C8A7DF0088B829 /* Main.storyboard */ = {
			isa = PBXVariantGroup;
			children = (
				FE7959AF29C8A7DF0088B829 /* Base */,
			);
			name = Main.storyboard;
			sourceTree = "<group>";
		};
		FE7959B329C8A7DF0088B829 /* LaunchScreen.storyboard */ = {
			isa = PBXVariantGroup;
			children = (
				FE7959B429C8A7DF0088B829 /* Base */,
			);
			name = LaunchScreen.storyboard;
			sourceTree = "<group>";
		};
/* End PBXVariantGroup section */

/* Begin XCBuildConfiguration section */
		FE7959B729C8A7DF0088B829 /* Debug */ = {
			isa = XCBuildConfiguration;
			buildSettings = {
				ALWAYS_SEARCH_USER_PATHS = NO;
				CLANG_ANALYZER_NONNULL = YES;
				CLANG_ANALYZER_NUMBER_OBJECT_CONVERSION = YES_AGGRESSIVE;
				CLANG_CXX_LANGUAGE_STANDARD = "gnu++20";
				CLANG_ENABLE_MODULES = YES;
				CLANG_ENABLE_OBJC_ARC = YES;
				CLANG_ENABLE_OBJC_WEAK = YES;
				CLANG_WARN_BLOCK_CAPTURE_AUTORELEASING = YES;
				CLANG_WARN_BOOL_CONVERSION = YES;
				CLANG_WARN_COMMA = YES;
				CLANG_WARN_CONSTANT_CONVERSION = YES;
				CLANG_WARN_DEPRECATED_OBJC_IMPLEMENTATIONS = YES;
				CLANG_WARN_DIRECT_OBJC_ISA_USAGE = YES_ERROR;
				CLANG_WARN_DOCUMENTATION_COMMENTS = YES;
				CLANG_WARN_EMPTY_BODY = YES;
				CLANG_WARN_ENUM_CONVERSION = YES;
				CLANG_WARN_INFINITE_RECURSION = YES;
				CLANG_WARN_INT_CONVERSION = YES;
				CLANG_WARN_NON_LITERAL_NULL_CONVERSION = YES;
				CLANG_WARN_OBJC_IMPLICIT_RETAIN_SELF = YES;
				CLANG_WARN_OBJC_LITERAL_CONVERSION = YES;
				CLANG_WARN_OBJC_ROOT_CLASS = YES_ERROR;
				CLANG_WARN_QUOTED_INCLUDE_IN_FRAMEWORK_HEADER = YES;
				CLANG_WARN_RANGE_LOOP_ANALYSIS = YES;
				CLANG_WARN_STRICT_PROTOTYPES = YES;
				CLANG_WARN_SUSPICIOUS_MOVE = YES;
				CLANG_WARN_UNGUARDED_AVAILABILITY = YES_AGGRESSIVE;
				CLANG_WARN_UNREACHABLE_CODE = YES;
				CLANG_WARN__DUPLICATE_METHOD_MATCH = YES;
				COPY_PHASE_STRIP = NO;
				DEBUG_INFORMATION_FORMAT = dwarf;
				ENABLE_STRICT_OBJC_MSGSEND = YES;
				ENABLE_TESTABILITY = YES;
				GCC_C_LANGUAGE_STANDARD = gnu11;
				GCC_DYNAMIC_NO_PIC = NO;
				GCC_NO_COMMON_BLOCKS = YES;
				GCC_OPTIMIZATION_LEVEL = 0;
				GCC_PREPROCESSOR_DEFINITIONS = (
					"DEBUG=1",
					"$(inherited)",
				);
				GCC_WARN_64_TO_32_BIT_CONVERSION = YES;
				GCC_WARN_ABOUT_RETURN_TYPE = YES_ERROR;
				GCC_WARN_UNDECLARED_SELECTOR = YES;
				GCC_WARN_UNINITIALIZED_AUTOS = YES_AGGRESSIVE;
				GCC_WARN_UNUSED_FUNCTION = YES;
				GCC_WARN_UNUSED_VARIABLE = YES;
				IPHONEOS_DEPLOYMENT_TARGET = 16.2;
				MTL_ENABLE_DEBUG_INFO = INCLUDE_SOURCE;
				MTL_FAST_MATH = YES;
				ONLY_ACTIVE_ARCH = YES;
				SDKROOT = iphoneos;
				SWIFT_ACTIVE_COMPILATION_CONDITIONS = DEBUG;
				SWIFT_OPTIMIZATION_LEVEL = "-Onone";
			};
			name = Debug;
		};
		FE7959B829C8A7DF0088B829 /* Release */ = {
			isa = XCBuildConfiguration;
			buildSettings = {
				ALWAYS_SEARCH_USER_PATHS = NO;
				CLANG_ANALYZER_NONNULL = YES;
				CLANG_ANALYZER_NUMBER_OBJECT_CONVERSION = YES_AGGRESSIVE;
				CLANG_CXX_LANGUAGE_STANDARD = "gnu++20";
				CLANG_ENABLE_MODULES = YES;
				CLANG_ENABLE_OBJC_ARC = YES;
				CLANG_ENABLE_OBJC_WEAK = YES;
				CLANG_WARN_BLOCK_CAPTURE_AUTORELEASING = YES;
				CLANG_WARN_BOOL_CONVERSION = YES;
				CLANG_WARN_COMMA = YES;
				CLANG_WARN_CONSTANT_CONVERSION = YES;
				CLANG_WARN_DEPRECATED_OBJC_IMPLEMENTATIONS = YES;
				CLANG_WARN_DIRECT_OBJC_ISA_USAGE = YES_ERROR;
				CLANG_WARN_DOCUMENTATION_COMMENTS = YES;
				CLANG_WARN_EMPTY_BODY = YES;
				CLANG_WARN_ENUM_CONVERSION = YES;
				CLANG_WARN_INFINITE_RECURSION = YES;
				CLANG_WARN_INT_CONVERSION = YES;
				CLANG_WARN_NON_LITERAL_NULL_CONVERSION = YES;
				CLANG_WARN_OBJC_IMPLICIT_RETAIN_SELF = YES;
				CLANG_WARN_OBJC_LITERAL_CONVERSION = YES;
				CLANG_WARN_OBJC_ROOT_CLASS = YES_ERROR;
				CLANG_WARN_QUOTED_INCLUDE_IN_FRAMEWORK_HEADER = YES;
				CLANG_WARN_RANGE_LOOP_ANALYSIS = YES;
				CLANG_WARN_STRICT_PROTOTYPES = YES;
				CLANG_WARN_SUSPICIOUS_MOVE = YES;
				CLANG_WARN_UNGUARDED_AVAILABILITY = YES_AGGRESSIVE;
				CLANG_WARN_UNREACHABLE_CODE = YES;
				CLANG_WARN__DUPLICATE_METHOD_MATCH = YES;
				COPY_PHASE_STRIP = NO;
				DEBUG_INFORMATION_FORMAT = "dwarf-with-dsym";
				ENABLE_NS_ASSERTIONS = NO;
				ENABLE_STRICT_OBJC_MSGSEND = YES;
				GCC_C_LANGUAGE_STANDARD = gnu11;
				GCC_NO_COMMON_BLOCKS = YES;
				GCC_WARN_64_TO_32_BIT_CONVERSION = YES;
				GCC_WARN_ABOUT_RETURN_TYPE = YES_ERROR;
				GCC_WARN_UNDECLARED_SELECTOR = YES;
				GCC_WARN_UNINITIALIZED_AUTOS = YES_AGGRESSIVE;
				GCC_WARN_UNUSED_FUNCTION = YES;
				GCC_WARN_UNUSED_VARIABLE = YES;
				IPHONEOS_DEPLOYMENT_TARGET = 16.2;
				MTL_ENABLE_DEBUG_INFO = NO;
				MTL_FAST_MATH = YES;
				SDKROOT = iphoneos;
				SWIFT_COMPILATION_MODE = wholemodule;
				SWIFT_OPTIMIZATION_LEVEL = "-O";
				VALIDATE_PRODUCT = YES;
			};
			name = Release;
		};
		FE7959BA29C8A7DF0088B829 /* Debug */ = {
			isa = XCBuildConfiguration;
			buildSettings = {
				ASSETCATALOG_COMPILER_APPICON_NAME = AppIcon;
				ASSETCATALOG_COMPILER_GLOBAL_ACCENT_COLOR_NAME = AccentColor;
				CODE_SIGN_STYLE = Automatic;
				CURRENT_PROJECT_VERSION = 1;
				DEVELOPMENT_TEAM = 2F862T5BQ6;
				GENERATE_INFOPLIST_FILE = YES;
				INFOPLIST_FILE = Carrot_Market/Info.plist;
				INFOPLIST_KEY_UIApplicationSupportsIndirectInputEvents = YES;
				INFOPLIST_KEY_UILaunchStoryboardName = LaunchScreen;
				INFOPLIST_KEY_UIMainStoryboardFile = Main;
				INFOPLIST_KEY_UIStatusBarStyle = "";
				INFOPLIST_KEY_UISupportedInterfaceOrientations_iPad = "UIInterfaceOrientationPortrait UIInterfaceOrientationPortraitUpsideDown UIInterfaceOrientationLandscapeLeft UIInterfaceOrientationLandscapeRight";
				INFOPLIST_KEY_UISupportedInterfaceOrientations_iPhone = "UIInterfaceOrientationPortrait UIInterfaceOrientationLandscapeLeft UIInterfaceOrientationLandscapeRight";
				IPHONEOS_DEPLOYMENT_TARGET = 13.0;
				LD_RUNPATH_SEARCH_PATHS = (
					"$(inherited)",
					"@executable_path/Frameworks",
				);
				MARKETING_VERSION = 1.0;
				PRODUCT_BUNDLE_IDENTIFIER = "com.minckan.Carrot-Market";
				PRODUCT_NAME = "$(TARGET_NAME)";
				SWIFT_EMIT_LOC_STRINGS = YES;
				SWIFT_VERSION = 5.0;
				TARGETED_DEVICE_FAMILY = "1,2";
			};
			name = Debug;
		};
		FE7959BB29C8A7DF0088B829 /* Release */ = {
			isa = XCBuildConfiguration;
			buildSettings = {
				ASSETCATALOG_COMPILER_APPICON_NAME = AppIcon;
				ASSETCATALOG_COMPILER_GLOBAL_ACCENT_COLOR_NAME = AccentColor;
				CODE_SIGN_STYLE = Automatic;
				CURRENT_PROJECT_VERSION = 1;
				DEVELOPMENT_TEAM = 2F862T5BQ6;
				GENERATE_INFOPLIST_FILE = YES;
				INFOPLIST_FILE = Carrot_Market/Info.plist;
				INFOPLIST_KEY_UIApplicationSupportsIndirectInputEvents = YES;
				INFOPLIST_KEY_UILaunchStoryboardName = LaunchScreen;
				INFOPLIST_KEY_UIMainStoryboardFile = Main;
				INFOPLIST_KEY_UIStatusBarStyle = "";
				INFOPLIST_KEY_UISupportedInterfaceOrientations_iPad = "UIInterfaceOrientationPortrait UIInterfaceOrientationPortraitUpsideDown UIInterfaceOrientationLandscapeLeft UIInterfaceOrientationLandscapeRight";
				INFOPLIST_KEY_UISupportedInterfaceOrientations_iPhone = "UIInterfaceOrientationPortrait UIInterfaceOrientationLandscapeLeft UIInterfaceOrientationLandscapeRight";
				IPHONEOS_DEPLOYMENT_TARGET = 13.0;
				LD_RUNPATH_SEARCH_PATHS = (
					"$(inherited)",
					"@executable_path/Frameworks",
				);
				MARKETING_VERSION = 1.0;
				PRODUCT_BUNDLE_IDENTIFIER = "com.minckan.Carrot-Market";
				PRODUCT_NAME = "$(TARGET_NAME)";
				SWIFT_EMIT_LOC_STRINGS = YES;
				SWIFT_VERSION = 5.0;
				TARGETED_DEVICE_FAMILY = "1,2";
			};
			name = Release;
		};
/* End XCBuildConfiguration section */

/* Begin XCConfigurationList section */
		FE7959A029C8A7DF0088B829 /* Build configuration list for PBXProject "Carrot_Market" */ = {
			isa = XCConfigurationList;
			buildConfigurations = (
				FE7959B729C8A7DF0088B829 /* Debug */,
				FE7959B829C8A7DF0088B829 /* Release */,
			);
			defaultConfigurationIsVisible = 0;
			defaultConfigurationName = Release;
		};
		FE7959B929C8A7DF0088B829 /* Build configuration list for PBXNativeTarget "Carrot_Market" */ = {
			isa = XCConfigurationList;
			buildConfigurations = (
				FE7959BA29C8A7DF0088B829 /* Debug */,
				FE7959BB29C8A7DF0088B829 /* Release */,
			);
			defaultConfigurationIsVisible = 0;
			defaultConfigurationName = Release;
		};
/* End XCConfigurationList section */

/* Begin XCRemoteSwiftPackageReference section */
		8C8E5B752A0E34B300875C90 /* XCRemoteSwiftPackageReference "SnapKit" */ = {
			isa = XCRemoteSwiftPackageReference;
			repositoryURL = "https://github.com/SnapKit/SnapKit.git";
			requirement = {
				kind = upToNextMajorVersion;
				minimumVersion = 5.0.1;
			};
		};
		8CA9F4C329CC48A500627606 /* XCRemoteSwiftPackageReference "SDWebImage" */ = {
			isa = XCRemoteSwiftPackageReference;
			repositoryURL = "https://github.com/SDWebImage/SDWebImage";
			requirement = {
				branch = master;
				kind = branch;
			};
		};
		8CAE677F2A0A00E200A1F06E /* XCRemoteSwiftPackageReference "Hero" */ = {
			isa = XCRemoteSwiftPackageReference;
			repositoryURL = "https://github.com/HeroTransitions/Hero.git";
			requirement = {
				kind = upToNextMajorVersion;
				minimumVersion = 1.3.0;
			};
		};
		8CD2037429CAE4410059CCF9 /* XCRemoteSwiftPackageReference "firebase-ios-sdk" */ = {
			isa = XCRemoteSwiftPackageReference;
			repositoryURL = "https://github.com/firebase/firebase-ios-sdk";
			requirement = {
				branch = master;
				kind = branch;
			};
		};
/* End XCRemoteSwiftPackageReference section */

/* Begin XCSwiftPackageProductDependency section */
		8C8E5B762A0E34B400875C90 /* SnapKit */ = {
			isa = XCSwiftPackageProductDependency;
			package = 8C8E5B752A0E34B300875C90 /* XCRemoteSwiftPackageReference "SnapKit" */;
			productName = SnapKit;
		};
		8CA9F4C429CC48A500627606 /* SDWebImage */ = {
			isa = XCSwiftPackageProductDependency;
			package = 8CA9F4C329CC48A500627606 /* XCRemoteSwiftPackageReference "SDWebImage" */;
			productName = SDWebImage;
		};
		8CAE67802A0A00E200A1F06E /* Hero */ = {
			isa = XCSwiftPackageProductDependency;
			package = 8CAE677F2A0A00E200A1F06E /* XCRemoteSwiftPackageReference "Hero" */;
			productName = Hero;
		};
		8CD2037529CAE4410059CCF9 /* FirebaseAnalytics */ = {
			isa = XCSwiftPackageProductDependency;
			package = 8CD2037429CAE4410059CCF9 /* XCRemoteSwiftPackageReference "firebase-ios-sdk" */;
			productName = FirebaseAnalytics;
		};
		8CD2037729CAE4410059CCF9 /* FirebaseAuth */ = {
			isa = XCSwiftPackageProductDependency;
			package = 8CD2037429CAE4410059CCF9 /* XCRemoteSwiftPackageReference "firebase-ios-sdk" */;
			productName = FirebaseAuth;
		};
		8CD2037929CAE4410059CCF9 /* FirebaseDatabase */ = {
			isa = XCSwiftPackageProductDependency;
			package = 8CD2037429CAE4410059CCF9 /* XCRemoteSwiftPackageReference "firebase-ios-sdk" */;
			productName = FirebaseDatabase;
		};
		8CD2037B29CAE4410059CCF9 /* FirebaseMessaging */ = {
			isa = XCSwiftPackageProductDependency;
			package = 8CD2037429CAE4410059CCF9 /* XCRemoteSwiftPackageReference "firebase-ios-sdk" */;
			productName = FirebaseMessaging;
		};
		8CD2037D29CAE4410059CCF9 /* FirebaseStorage */ = {
			isa = XCSwiftPackageProductDependency;
			package = 8CD2037429CAE4410059CCF9 /* XCRemoteSwiftPackageReference "firebase-ios-sdk" */;
			productName = FirebaseStorage;
		};
/* End XCSwiftPackageProductDependency section */
	};
	rootObject = FE79599D29C8A7DF0088B829 /* Project object */;
}
